
Microsoft Visual Studio Solution File, Format Version 12.00
# Visual Studio 14
VisualStudioVersion = 14.0.25123.0
MinimumVisualStudioVersion = 10.0.40219.1
Project("{1AC04536-E1BE-4029-A75A-41408C66C465}") = "Sitecore.Support.82226", "Sitecore.Support.82226\Sitecore.Support.82226.csproj", "{0A9882D6-BECF-4F29-AD19-63831DCD5D04}"
EndProject
Global
	GlobalSection(SolutionConfigurationPlatforms) = preSolution
		Debug|Any CPU = Debug|Any CPU
		Release|Any CPU = Release|Any CPU
	EndGlobalSection
	GlobalSection(ProjectConfigurationPlatforms) = postSolution
		{0A9882D6-BECF-4F29-AD19-63831DCD5D04}.Debug|Any CPU.ActiveCfg = Debug|Any CPU
		{0A9882D6-BECF-4F29-AD19-63831DCD5D04}.Debug|Any CPU.Build.0 = Debug|Any CPU
		{0A9882D6-BECF-4F29-AD19-63831DCD5D04}.Release|Any CPU.ActiveCfg = Release|Any CPU
		{0A9882D6-BECF-4F29-AD19-63831DCD5D04}.Release|Any CPU.Build.0 = Release|Any CPU
	EndGlobalSection
	GlobalSection(SolutionProperties) = preSolution
		HideSolutionNode = FALSE
	EndGlobalSection
EndGlobal
